// !$*UTF8*$!
{
	archiveVersion = 1;
	classes = {
	};
	objectVersion = 55;
	objects = {

/* Begin PBXBuildFile section */
		1843961728956E3C0015CC65 /* Assignment8_1App.swift in Sources */ = {isa = PBXBuildFile; fileRef = 1843961628956E3C0015CC65 /* Assignment8_1App.swift */; };
		1843961928956E3C0015CC65 /* ContentView.swift in Sources */ = {isa = PBXBuildFile; fileRef = 1843961828956E3C0015CC65 /* ContentView.swift */; };
		1843961B28956E400015CC65 /* Assets.xcassets in Resources */ = {isa = PBXBuildFile; fileRef = 1843961A28956E400015CC65 /* Assets.xcassets */; };
		1843961E28956E400015CC65 /* Preview Assets.xcassets in Resources */ = {isa = PBXBuildFile; fileRef = 1843961D28956E400015CC65 /* Preview Assets.xcassets */; };
		1843962928956E400015CC65 /* Assignment8_1Tests.swift in Sources */ = {isa = PBXBuildFile; fileRef = 1843962828956E400015CC65 /* Assignment8_1Tests.swift */; };
		1843963328956E400015CC65 /* Assignment8_1UITests.swift in Sources */ = {isa = PBXBuildFile; fileRef = 1843963228956E400015CC65 /* Assignment8_1UITests.swift */; };
		1843963528956E400015CC65 /* Assignment8_1UITestsLaunchTests.swift in Sources */ = {isa = PBXBuildFile; fileRef = 1843963428956E400015CC65 /* Assignment8_1UITestsLaunchTests.swift */; };
/* End PBXBuildFile section */

/* Begin PBXContainerItemProxy section */
		1843962528956E400015CC65 /* PBXContainerItemProxy */ = {
			isa = PBXContainerItemProxy;
			containerPortal = 1843960B28956E3C0015CC65 /* Project object */;
			proxyType = 1;
			remoteGlobalIDString = 1843961228956E3C0015CC65;
			remoteInfo = Assignment8.1;
		};
		1843962F28956E400015CC65 /* PBXContainerItemProxy */ = {
			isa = PBXContainerItemProxy;
			containerPortal = 1843960B28956E3C0015CC65 /* Project object */;
			proxyType = 1;
			remoteGlobalIDString = 1843961228956E3C0015CC65;
			remoteInfo = Assignment8.1;
		};
/* End PBXContainerItemProxy section */

/* Begin PBXFileReference section */
		1843961328956E3C0015CC65 /* Assignment8.1.app */ = {isa = PBXFileReference; explicitFileType = wrapper.application; includeInIndex = 0; path = Assignment8.1.app; sourceTree = BUILT_PRODUCTS_DIR; };
		1843961628956E3C0015CC65 /* Assignment8_1App.swift */ = {isa = PBXFileReference; lastKnownFileType = sourcecode.swift; path = Assignment8_1App.swift; sourceTree = "<group>"; };
		1843961828956E3C0015CC65 /* ContentView.swift */ = {isa = PBXFileReference; lastKnownFileType = sourcecode.swift; path = ContentView.swift; sourceTree = "<group>"; };
		1843961A28956E400015CC65 /* Assets.xcassets */ = {isa = PBXFileReference; lastKnownFileType = folder.assetcatalog; path = Assets.xcassets; sourceTree = "<group>"; };
		1843961D28956E400015CC65 /* Preview Assets.xcassets */ = {isa = PBXFileReference; lastKnownFileType = folder.assetcatalog; path = "Preview Assets.xcassets"; sourceTree = "<group>"; };
		1843961F28956E400015CC65 /* Assignment8_1.entitlements */ = {isa = PBXFileReference; lastKnownFileType = text.plist.entitlements; path = Assignment8_1.entitlements; sourceTree = "<group>"; };
		1843962428956E400015CC65 /* Assignment8.1Tests.xctest */ = {isa = PBXFileReference; explicitFileType = wrapper.cfbundle; includeInIndex = 0; path = Assignment8.1Tests.xctest; sourceTree = BUILT_PRODUCTS_DIR; };
		1843962828956E400015CC65 /* Assignment8_1Tests.swift */ = {isa = PBXFileReference; lastKnownFileType = sourcecode.swift; path = Assignment8_1Tests.swift; sourceTree = "<group>"; };
		1843962E28956E400015CC65 /* Assignment8.1UITests.xctest */ = {isa = PBXFileReference; explicitFileType = wrapper.cfbundle; includeInIndex = 0; path = Assignment8.1UITests.xctest; sourceTree = BUILT_PRODUCTS_DIR; };
		1843963228956E400015CC65 /* Assignment8_1UITests.swift */ = {isa = PBXFileReference; lastKnownFileType = sourcecode.swift; path = Assignment8_1UITests.swift; sourceTree = "<group>"; };
		1843963428956E400015CC65 /* Assignment8_1UITestsLaunchTests.swift */ = {isa = PBXFileReference; lastKnownFileType = sourcecode.swift; path = Assignment8_1UITestsLaunchTests.swift; sourceTree = "<group>"; };
/* End PBXFileReference section */

/* Begin PBXFrameworksBuildPhase section */
		1843961028956E3C0015CC65 /* Frameworks */ = {
			isa = PBXFrameworksBuildPhase;
			buildActionMask = 2147483647;
			files = (
			);
			runOnlyForDeploymentPostprocessing = 0;
		};
		1843962128956E400015CC65 /* Frameworks */ = {
			isa = PBXFrameworksBuildPhase;
			buildActionMask = 2147483647;
			files = (
			);
			runOnlyForDeploymentPostprocessing = 0;
		};
		1843962B28956E400015CC65 /* Frameworks */ = {
			isa = PBXFrameworksBuildPhase;
			buildActionMask = 2147483647;
			files = (
			);
			runOnlyForDeploymentPostprocessing = 0;
		};
/* End PBXFrameworksBuildPhase section */

/* Begin PBXGroup section */
		1843960A28956E3C0015CC65 = {
			isa = PBXGroup;
			children = (
				1843961528956E3C0015CC65 /* Assignment8.1 */,
				1843962728956E400015CC65 /* Assignment8.1Tests */,
				1843963128956E400015CC65 /* Assignment8.1UITests */,
				1843961428956E3C0015CC65 /* Products */,
			);
			sourceTree = "<group>";
		};
		1843961428956E3C0015CC65 /* Products */ = {
			isa = PBXGroup;
			children = (
				1843961328956E3C0015CC65 /* Assignment8.1.app */,
				1843962428956E400015CC65 /* Assignment8.1Tests.xctest */,
				1843962E28956E400015CC65 /* Assignment8.1UITests.xctest */,
			);
			name = Products;
			sourceTree = "<group>";
		};
		1843961528956E3C0015CC65 /* Assignment8.1 */ = {
			isa = PBXGroup;
			children = (
				1843961628956E3C0015CC65 /* Assignment8_1App.swift */,
				1843961828956E3C0015CC65 /* ContentView.swift */,
				1843961A28956E400015CC65 /* Assets.xcassets */,
				1843961F28956E400015CC65 /* Assignment8_1.entitlements */,
				1843961C28956E400015CC65 /* Preview Content */,
			);
			path = Assignment8.1;
			sourceTree = "<group>";
		};
		1843961C28956E400015CC65 /* Preview Content */ = {
			isa = PBXGroup;
			children = (
				1843961D28956E400015CC65 /* Preview Assets.xcassets */,
			);
			path = "Preview Content";
			sourceTree = "<group>";
		};
		1843962728956E400015CC65 /* Assignment8.1Tests */ = {
			isa = PBXGroup;
			children = (
				1843962828956E400015CC65 /* Assignment8_1Tests.swift */,
			);
			path = Assignment8.1Tests;
			sourceTree = "<group>";
		};
		1843963128956E400015CC65 /* Assignment8.1UITests */ = {
			isa = PBXGroup;
			children = (
				1843963228956E400015CC65 /* Assignment8_1UITests.swift */,
				1843963428956E400015CC65 /* Assignment8_1UITestsLaunchTests.swift */,
			);
			path = Assignment8.1UITests;
			sourceTree = "<group>";
		};
/* End PBXGroup section */

/* Begin PBXNativeTarget section */
		1843961228956E3C0015CC65 /* Assignment8.1 */ = {
			isa = PBXNativeTarget;
			buildConfigurationList = 1843963828956E400015CC65 /* Build configuration list for PBXNativeTarget "Assignment8.1" */;
			buildPhases = (
				1843960F28956E3C0015CC65 /* Sources */,
				1843961028956E3C0015CC65 /* Frameworks */,
				1843961128956E3C0015CC65 /* Resources */,
			);
			buildRules = (
			);
			dependencies = (
			);
			name = Assignment8.1;
			productName = Assignment8.1;
			productReference = 1843961328956E3C0015CC65 /* Assignment8.1.app */;
			productType = "com.apple.product-type.application";
		};
		1843962328956E400015CC65 /* Assignment8.1Tests */ = {
			isa = PBXNativeTarget;
			buildConfigurationList = 1843963B28956E400015CC65 /* Build configuration list for PBXNativeTarget "Assignment8.1Tests" */;
			buildPhases = (
				1843962028956E400015CC65 /* Sources */,
				1843962128956E400015CC65 /* Frameworks */,
				1843962228956E400015CC65 /* Resources */,
			);
			buildRules = (
			);
			dependencies = (
				1843962628956E400015CC65 /* PBXTargetDependency */,
			);
			name = Assignment8.1Tests;
			productName = Assignment8.1Tests;
			productReference = 1843962428956E400015CC65 /* Assignment8.1Tests.xctest */;
			productType = "com.apple.product-type.bundle.unit-test";
		};
		1843962D28956E400015CC65 /* Assignment8.1UITests */ = {
			isa = PBXNativeTarget;
			buildConfigurationList = 1843963E28956E400015CC65 /* Build configuration list for PBXNativeTarget "Assignment8.1UITests" */;
			buildPhases = (
				1843962A28956E400015CC65 /* Sources */,
				1843962B28956E400015CC65 /* Frameworks */,
				1843962C28956E400015CC65 /* Resources */,
			);
			buildRules = (
			);
			dependencies = (
				1843963028956E400015CC65 /* PBXTargetDependency */,
			);
			name = Assignment8.1UITests;
			productName = Assignment8.1UITests;
			productReference = 1843962E28956E400015CC65 /* Assignment8.1UITests.xctest */;
			productType = "com.apple.product-type.bundle.ui-testing";
		};
/* End PBXNativeTarget section */

/* Begin PBXProject section */
		1843960B28956E3C0015CC65 /* Project object */ = {
			isa = PBXProject;
			attributes = {
				BuildIndependentTargetsInParallel = 1;
				LastSwiftUpdateCheck = 1340;
				LastUpgradeCheck = 1340;
				TargetAttributes = {
					1843961228956E3C0015CC65 = {
						CreatedOnToolsVersion = 13.4.1;
					};
					1843962328956E400015CC65 = {
						CreatedOnToolsVersion = 13.4.1;
						TestTargetID = 1843961228956E3C0015CC65;
					};
					1843962D28956E400015CC65 = {
						CreatedOnToolsVersion = 13.4.1;
						TestTargetID = 1843961228956E3C0015CC65;
					};
				};
			};
			buildConfigurationList = 1843960E28956E3C0015CC65 /* Build configuration list for PBXProject "Assignment8.1" */;
			compatibilityVersion = "Xcode 13.0";
			developmentRegion = en;
			hasScannedForEncodings = 0;
			knownRegions = (
				en,
				Base,
			);
			mainGroup = 1843960A28956E3C0015CC65;
			productRefGroup = 1843961428956E3C0015CC65 /* Products */;
			projectDirPath = "";
			projectRoot = "";
			targets = (
				1843961228956E3C0015CC65 /* Assignment8.1 */,
				1843962328956E400015CC65 /* Assignment8.1Tests */,
				1843962D28956E400015CC65 /* Assignment8.1UITests */,
			);
		};
/* End PBXProject section */

/* Begin PBXResourcesBuildPhase section */
		1843961128956E3C0015CC65 /* Resources */ = {
			isa = PBXResourcesBuildPhase;
			buildActionMask = 2147483647;
			files = (
				1843961E28956E400015CC65 /* Preview Assets.xcassets in Resources */,
				1843961B28956E400015CC65 /* Assets.xcassets in Resources */,
			);
			runOnlyForDeploymentPostprocessing = 0;
		};
		1843962228956E400015CC65 /* Resources */ = {
			isa = PBXResourcesBuildPhase;
			buildActionMask = 2147483647;
			files = (
			);
			runOnlyForDeploymentPostprocessing = 0;
		};
		1843962C28956E400015CC65 /* Resources */ = {
			isa = PBXResourcesBuildPhase;
			buildActionMask = 2147483647;
			files = (
			);
			runOnlyForDeploymentPostprocessing = 0;
		};
/* End PBXResourcesBuildPhase section */

/* Begin PBXSourcesBuildPhase section */
		1843960F28956E3C0015CC65 /* Sources */ = {
			isa = PBXSourcesBuildPhase;
			buildActionMask = 2147483647;
			files = (
				1843961928956E3C0015CC65 /* ContentView.swift in Sources */,
				1843961728956E3C0015CC65 /* Assignment8_1App.swift in Sources */,
			);
			runOnlyForDeploymentPostprocessing = 0;
		};
		1843962028956E400015CC65 /* Sources */ = {
			isa = PBXSourcesBuildPhase;
			buildActionMask = 2147483647;
			files = (
				1843962928956E400015CC65 /* Assignment8_1Tests.swift in Sources */,
			);
			runOnlyForDeploymentPostprocessing = 0;
		};
		1843962A28956E400015CC65 /* Sources */ = {
			isa = PBXSourcesBuildPhase;
			buildActionMask = 2147483647;
			files = (
				1843963528956E400015CC65 /* Assignment8_1UITestsLaunchTests.swift in Sources */,
				1843963328956E400015CC65 /* Assignment8_1UITests.swift in Sources */,
			);
			runOnlyForDeploymentPostprocessing = 0;
		};
/* End PBXSourcesBuildPhase section */

/* Begin PBXTargetDependency section */
		1843962628956E400015CC65 /* PBXTargetDependency */ = {
			isa = PBXTargetDependency;
			target = 1843961228956E3C0015CC65 /* Assignment8.1 */;
			targetProxy = 1843962528956E400015CC65 /* PBXContainerItemProxy */;
		};
		1843963028956E400015CC65 /* PBXTargetDependency */ = {
			isa = PBXTargetDependency;
			target = 1843961228956E3C0015CC65 /* Assignment8.1 */;
			targetProxy = 1843962F28956E400015CC65 /* PBXContainerItemProxy */;
		};
/* End PBXTargetDependency section */

/* Begin XCBuildConfiguration section */
		1843963628956E400015CC65 /* Debug */ = {
			isa = XCBuildConfiguration;
			buildSettings = {
				ALWAYS_SEARCH_USER_PATHS = NO;
				CLANG_ANALYZER_NONNULL = YES;
				CLANG_ANALYZER_NUMBER_OBJECT_CONVERSION = YES_AGGRESSIVE;
				CLANG_CXX_LANGUAGE_STANDARD = "gnu++17";
				CLANG_ENABLE_MODULES = YES;
				CLANG_ENABLE_OBJC_ARC = YES;
				CLANG_ENABLE_OBJC_WEAK = YES;
				CLANG_WARN_BLOCK_CAPTURE_AUTORELEASING = YES;
				CLANG_WARN_BOOL_CONVERSION = YES;
				CLANG_WARN_COMMA = YES;
				CLANG_WARN_CONSTANT_CONVERSION = YES;
				CLANG_WARN_DEPRECATED_OBJC_IMPLEMENTATIONS = YES;
				CLANG_WARN_DIRECT_OBJC_ISA_USAGE = YES_ERROR;
				CLANG_WARN_DOCUMENTATION_COMMENTS = YES;
				CLANG_WARN_EMPTY_BODY = YES;
				CLANG_WARN_ENUM_CONVERSION = YES;
				CLANG_WARN_INFINITE_RECURSION = YES;
				CLANG_WARN_INT_CONVERSION = YES;
				CLANG_WARN_NON_LITERAL_NULL_CONVERSION = YES;
				CLANG_WARN_OBJC_IMPLICIT_RETAIN_SELF = YES;
				CLANG_WARN_OBJC_LITERAL_CONVERSION = YES;
				CLANG_WARN_OBJC_ROOT_CLASS = YES_ERROR;
				CLANG_WARN_QUOTED_INCLUDE_IN_FRAMEWORK_HEADER = YES;
				CLANG_WARN_RANGE_LOOP_ANALYSIS = YES;
				CLANG_WARN_STRICT_PROTOTYPES = YES;
				CLANG_WARN_SUSPICIOUS_MOVE = YES;
				CLANG_WARN_UNGUARDED_AVAILABILITY = YES_AGGRESSIVE;
				CLANG_WARN_UNREACHABLE_CODE = YES;
				CLANG_WARN__DUPLICATE_METHOD_MATCH = YES;
				COPY_PHASE_STRIP = NO;
				DEBUG_INFORMATION_FORMAT = dwarf;
				ENABLE_STRICT_OBJC_MSGSEND = YES;
				ENABLE_TESTABILITY = YES;
				GCC_C_LANGUAGE_STANDARD = gnu11;
				GCC_DYNAMIC_NO_PIC = NO;
				GCC_NO_COMMON_BLOCKS = YES;
				GCC_OPTIMIZATION_LEVEL = 0;
				GCC_PREPROCESSOR_DEFINITIONS = (
					"DEBUG=1",
					"$(inherited)",
				);
				GCC_WARN_64_TO_32_BIT_CONVERSION = YES;
				GCC_WARN_ABOUT_RETURN_TYPE = YES_ERROR;
				GCC_WARN_UNDECLARED_SELECTOR = YES;
				GCC_WARN_UNINITIALIZED_AUTOS = YES_AGGRESSIVE;
				GCC_WARN_UNUSED_FUNCTION = YES;
				GCC_WARN_UNUSED_VARIABLE = YES;
				MACOSX_DEPLOYMENT_TARGET = 12.3;
				MTL_ENABLE_DEBUG_INFO = INCLUDE_SOURCE;
				MTL_FAST_MATH = YES;
				ONLY_ACTIVE_ARCH = YES;
				SDKROOT = macosx;
				SWIFT_ACTIVE_COMPILATION_CONDITIONS = DEBUG;
				SWIFT_OPTIMIZATION_LEVEL = "-Onone";
			};
			name = Debug;
		};
		1843963728956E400015CC65 /* Release */ = {
			isa = XCBuildConfiguration;
			buildSettings = {
				ALWAYS_SEARCH_USER_PATHS = NO;
				CLANG_ANALYZER_NONNULL = YES;
				CLANG_ANALYZER_NUMBER_OBJECT_CONVERSION = YES_AGGRESSIVE;
				CLANG_CXX_LANGUAGE_STANDARD = "gnu++17";
				CLANG_ENABLE_MODULES = YES;
				CLANG_ENABLE_OBJC_ARC = YES;
				CLANG_ENABLE_OBJC_WEAK = YES;
				CLANG_WARN_BLOCK_CAPTURE_AUTORELEASING = YES;
				CLANG_WARN_BOOL_CONVERSION = YES;
				CLANG_WARN_COMMA = YES;
				CLANG_WARN_CONSTANT_CONVERSION = YES;
				CLANG_WARN_DEPRECATED_OBJC_IMPLEMENTATIONS = YES;
				CLANG_WARN_DIRECT_OBJC_ISA_USAGE = YES_ERROR;
				CLANG_WARN_DOCUMENTATION_COMMENTS = YES;
				CLANG_WARN_EMPTY_BODY = YES;
				CLANG_WARN_ENUM_CONVERSION = YES;
				CLANG_WARN_INFINITE_RECURSION = YES;
				CLANG_WARN_INT_CONVERSION = YES;
				CLANG_WARN_NON_LITERAL_NULL_CONVERSION = YES;
				CLANG_WARN_OBJC_IMPLICIT_RETAIN_SELF = YES;
				CLANG_WARN_OBJC_LITERAL_CONVERSION = YES;
				CLANG_WARN_OBJC_ROOT_CLASS = YES_ERROR;
				CLANG_WARN_QUOTED_INCLUDE_IN_FRAMEWORK_HEADER = YES;
				CLANG_WARN_RANGE_LOOP_ANALYSIS = YES;
				CLANG_WARN_STRICT_PROTOTYPES = YES;
				CLANG_WARN_SUSPICIOUS_MOVE = YES;
				CLANG_WARN_UNGUARDED_AVAILABILITY = YES_AGGRESSIVE;
				CLANG_WARN_UNREACHABLE_CODE = YES;
				CLANG_WARN__DUPLICATE_METHOD_MATCH = YES;
				COPY_PHASE_STRIP = NO;
				DEBUG_INFORMATION_FORMAT = "dwarf-with-dsym";
				ENABLE_NS_ASSERTIONS = NO;
				ENABLE_STRICT_OBJC_MSGSEND = YES;
				GCC_C_LANGUAGE_STANDARD = gnu11;
				GCC_NO_COMMON_BLOCKS = YES;
				GCC_WARN_64_TO_32_BIT_CONVERSION = YES;
				GCC_WARN_ABOUT_RETURN_TYPE = YES_ERROR;
				GCC_WARN_UNDECLARED_SELECTOR = YES;
				GCC_WARN_UNINITIALIZED_AUTOS = YES_AGGRESSIVE;
				GCC_WARN_UNUSED_FUNCTION = YES;
				GCC_WARN_UNUSED_VARIABLE = YES;
				MACOSX_DEPLOYMENT_TARGET = 12.3;
				MTL_ENABLE_DEBUG_INFO = NO;
				MTL_FAST_MATH = YES;
				SDKROOT = macosx;
				SWIFT_COMPILATION_MODE = wholemodule;
				SWIFT_OPTIMIZATION_LEVEL = "-O";
			};
			name = Release;
		};
		1843963928956E400015CC65 /* Debug */ = {
			isa = XCBuildConfiguration;
			buildSettings = {
				ASSETCATALOG_COMPILER_APPICON_NAME = AppIcon;
				ASSETCATALOG_COMPILER_GLOBAL_ACCENT_COLOR_NAME = AccentColor;
				CODE_SIGN_ENTITLEMENTS = Assignment8.1/Assignment8_1.entitlements;
				CODE_SIGN_STYLE = Automatic;
				COMBINE_HIDPI_IMAGES = YES;
				CURRENT_PROJECT_VERSION = 1;
				DEVELOPMENT_ASSET_PATHS = "\"Assignment8.1/Preview Content\"";
				ENABLE_PREVIEWS = YES;
				GENERATE_INFOPLIST_FILE = YES;
				INFOPLIST_KEY_NSHumanReadableCopyright = "";
				LD_RUNPATH_SEARCH_PATHS = (
					"$(inherited)",
					"@executable_path/../Frameworks",
				);
				MARKETING_VERSION = 1.0;
				PRODUCT_BUNDLE_IDENTIFIER = "Assignment8.1.Assignment8-1";
				PRODUCT_NAME = "$(TARGET_NAME)";
				SWIFT_EMIT_LOC_STRINGS = YES;
				SWIFT_VERSION = 5.0;
			};
			name = Debug;
		};
		1843963A28956E400015CC65 /* Release */ = {
			isa = XCBuildConfiguration;
			buildSettings = {
				ASSETCATALOG_COMPILER_APPICON_NAME = AppIcon;
				ASSETCATALOG_COMPILER_GLOBAL_ACCENT_COLOR_NAME = AccentColor;
				CODE_SIGN_ENTITLEMENTS = Assignment8.1/Assignment8_1.entitlements;
				CODE_SIGN_STYLE = Automatic;
				COMBINE_HIDPI_IMAGES = YES;
				CURRENT_PROJECT_VERSION = 1;
				DEVELOPMENT_ASSET_PATHS = "\"Assignment8.1/Preview Content\"";
				ENABLE_PREVIEWS = YES;
				GENERATE_INFOPLIST_FILE = YES;
				INFOPLIST_KEY_NSHumanReadableCopyright = "";
				LD_RUNPATH_SEARCH_PATHS = (
					"$(inherited)",
					"@executable_path/../Frameworks",
				);
				MARKETING_VERSION = 1.0;
				PRODUCT_BUNDLE_IDENTIFIER = "Assignment8.1.Assignment8-1";
				PRODUCT_NAME = "$(TARGET_NAME)";
				SWIFT_EMIT_LOC_STRINGS = YES;
				SWIFT_VERSION = 5.0;
			};
			name = Release;
		};
		1843963C28956E400015CC65 /* Debug */ = {
			isa = XCBuildConfiguration;
			buildSettings = {
				ALWAYS_EMBED_SWIFT_STANDARD_LIBRARIES = YES;
				BUNDLE_LOADER = "$(TEST_HOST)";
				CODE_SIGN_STYLE = Automatic;
				CURRENT_PROJECT_VERSION = 1;
				GENERATE_INFOPLIST_FILE = YES;
				MACOSX_DEPLOYMENT_TARGET = 12.3;
				MARKETING_VERSION = 1.0;
				PRODUCT_BUNDLE_IDENTIFIER = "Assignment8.1.Assignment8-1Tests";
				PRODUCT_NAME = "$(TARGET_NAME)";
				SWIFT_EMIT_LOC_STRINGS = NO;
				SWIFT_VERSION = 5.0;
				TEST_HOST = "$(BUILT_PRODUCTS_DIR)/Assignment8.1.app/Contents/MacOS/Assignment8.1";
			};
			name = Debug;
		};
		1843963D28956E400015CC65 /* Release */ = {
			isa = XCBuildConfiguration;
			buildSettings = {
				ALWAYS_EMBED_SWIFT_STANDARD_LIBRARIES = YES;
				BUNDLE_LOADER = "$(TEST_HOST)";
				CODE_SIGN_STYLE = Automatic;
				CURRENT_PROJECT_VERSION = 1;
				GENERATE_INFOPLIST_FILE = YES;
				MACOSX_DEPLOYMENT_TARGET = 12.3;
				MARKETING_VERSION = 1.0;
				PRODUCT_BUNDLE_IDENTIFIER = "Assignment8.1.Assignment8-1Tests";
				PRODUCT_NAME = "$(TARGET_NAME)";
				SWIFT_EMIT_LOC_STRINGS = NO;
				SWIFT_VERSION = 5.0;
				TEST_HOST = "$(BUILT_PRODUCTS_DIR)/Assignment8.1.app/Contents/MacOS/Assignment8.1";
			};
			name = Release;
		};
		1843963F28956E400015CC65 /* Debug */ = {
			isa = XCBuildConfiguration;
			buildSettings = {
				ALWAYS_EMBED_SWIFT_STANDARD_LIBRARIES = YES;
				CODE_SIGN_STYLE = Automatic;
				CURRENT_PROJECT_VERSION = 1;
				GENERATE_INFOPLIST_FILE = YES;
				MARKETING_VERSION = 1.0;
				PRODUCT_BUNDLE_IDENTIFIER = "Assignment8.1.Assignment8-1UITests";
				PRODUCT_NAME = "$(TARGET_NAME)";
				SWIFT_EMIT_LOC_STRINGS = NO;
				SWIFT_VERSION = 5.0;
				TEST_TARGET_NAME = Assignment8.1;
			};
			name = Debug;
		};
		1843964028956E400015CC65 /* Release */ = {
			isa = XCBuildConfiguration;
			buildSettings = {
				ALWAYS_EMBED_SWIFT_STANDARD_LIBRARIES = YES;
				CODE_SIGN_STYLE = Automatic;
				CURRENT_PROJECT_VERSION = 1;
				GENERATE_INFOPLIST_FILE = YES;
				MARKETING_VERSION = 1.0;
				PRODUCT_BUNDLE_IDENTIFIER = "Assignment8.1.Assignment8-1UITests";
				PRODUCT_NAME = "$(TARGET_NAME)";
				SWIFT_EMIT_LOC_STRINGS = NO;
				SWIFT_VERSION = 5.0;
				TEST_TARGET_NAME = Assignment8.1;
			};
			name = Release;
		};
/* End XCBuildConfiguration section */

/* Begin XCConfigurationList section */
		1843960E28956E3C0015CC65 /* Build configuration list for PBXProject "Assignment8.1" */ = {
			isa = XCConfigurationList;
			buildConfigurations = (
				1843963628956E400015CC65 /* Debug */,
				1843963728956E400015CC65 /* Release */,
			);
			defaultConfigurationIsVisible = 0;
			defaultConfigurationName = Release;
		};
		1843963828956E400015CC65 /* Build configuration list for PBXNativeTarget "Assignment8.1" */ = {
			isa = XCConfigurationList;
			buildConfigurations = (
				1843963928956E400015CC65 /* Debug */,
				1843963A28956E400015CC65 /* Release */,
			);
			defaultConfigurationIsVisible = 0;
			defaultConfigurationName = Release;
		};
		1843963B28956E400015CC65 /* Build configuration list for PBXNativeTarget "Assignment8.1Tests" */ = {
			isa = XCConfigurationList;
			buildConfigurations = (
				1843963C28956E400015CC65 /* Debug */,
				1843963D28956E400015CC65 /* Release */,
			);
			defaultConfigurationIsVisible = 0;
			defaultConfigurationName = Release;
		};
		1843963E28956E400015CC65 /* Build configuration list for PBXNativeTarget "Assignment8.1UITests" */ = {
			isa = XCConfigurationList;
			buildConfigurations = (
				1843963F28956E400015CC65 /* Debug */,
				1843964028956E400015CC65 /* Release */,
			);
			defaultConfigurationIsVisible = 0;
			defaultConfigurationName = Release;
		};
/* End XCConfigurationList section */
	};
	rootObject = 1843960B28956E3C0015CC65 /* Project object */;
}
